PODS:
  - AudioKit (4.4.0):
    - AudioKit/Core (= 4.4.0)
    - AudioKit/UI (= 4.4.0)
  - AudioKit/Core (4.4.0)
  - AudioKit/UI (4.4.0)
  - CollectionViewGridLayout (2.0.0)
  - Realm (3.10.0):
    - Realm/Headers (= 3.10.0)
  - Realm/Headers (3.10.0)
  - RealmSwift (3.10.0):
    - Realm (= 3.10.0)
  - SwiftLint (0.27.0)

DEPENDENCIES:
  - AudioKit
  - CollectionViewGridLayout
  - RealmSwift
  - SwiftLint

SPEC REPOS:
  https://github.com/cocoapods/specs.git:
    - AudioKit
    - CollectionViewGridLayout
    - Realm
    - RealmSwift
    - SwiftLint

SPEC CHECKSUMS:
  AudioKit: 79c2b23cd00beb656938aa0b81b614391f17eaa3
  CollectionViewGridLayout: b00ad1b8a2cfb472062bc7a69e6522cc30ca49e7
  Realm: 85ab9e4f779d66f6e9ffeb118dc25b7f130c96ac
  RealmSwift: 69121c8b86d0ae005fb779efdb10e606732e1c74
  SwiftLint: 3207c1faa2240bf8973b191820a116113cd11073

PODFILE CHECKSUM: 002595cedc91b07fa6b17475338d7b2779fe6362

COCOAPODS: 1.5.3
