// !$*UTF8*$!
{
	archiveVersion = 1;
	classes = {
	};
	objectVersion = 50;
	objects = {

/* Begin PBXBuildFile section */
		8CF67967A9A5C7A54C1D8D5F /* Pods_DrumTrainer.framework in Frameworks */ = {isa = PBXBuildFile; fileRef = 7FAA496B5F714D32E2481B08 /* Pods_DrumTrainer.framework */; };
		E319501C20E82D6000A50A55 /* Drums.swift in Sources */ = {isa = PBXBuildFile; fileRef = E319501B20E82D6000A50A55 /* Drums.swift */; };
		E325AE7520FE7D7E002D5F35 /* UIView+Border.swift in Sources */ = {isa = PBXBuildFile; fileRef = E325AE7420FE7D7E002D5F35 /* UIView+Border.swift */; };
		E35FF84F20F9DB4C00B10658 /* UIView+@IBInspectable.swift in Sources */ = {isa = PBXBuildFile; fileRef = E35FF84E20F9DB4C00B10658 /* UIView+@IBInspectable.swift */; };
		E35FF85120F9DC3800B10658 /* UIView+Blink.swift in Sources */ = {isa = PBXBuildFile; fileRef = E35FF85020F9DC3800B10658 /* UIView+Blink.swift */; };
		E36F010F2109145900ACEB59 /* GlobalClock.swift in Sources */ = {isa = PBXBuildFile; fileRef = E36F010E2109145900ACEB59 /* GlobalClock.swift */; };
		E37D20F720FE573600796084 /* UIColor+HexColor.swift in Sources */ = {isa = PBXBuildFile; fileRef = E37D20F620FE573600796084 /* UIColor+HexColor.swift */; };
		E383EF15210E59C0004879D9 /* Synchronizable.swift in Sources */ = {isa = PBXBuildFile; fileRef = E383EF14210E59C0004879D9 /* Synchronizable.swift */; };
		E383EF17210E6444004879D9 /* Drums in Resources */ = {isa = PBXBuildFile; fileRef = E383EF16210E6443004879D9 /* Drums */; };
		E38A338B210492C100309084 /* ExamplePlayer.swift in Sources */ = {isa = PBXBuildFile; fileRef = E38A338A210492C100309084 /* ExamplePlayer.swift */; };
		E394A4B520F3D146002F2183 /* Metronom.swift in Sources */ = {isa = PBXBuildFile; fileRef = E394A4B420F3D146002F2183 /* Metronom.swift */; };
		E3AA5DF920E194DD0095856A /* AppDelegate.swift in Sources */ = {isa = PBXBuildFile; fileRef = E3AA5DF820E194DD0095856A /* AppDelegate.swift */; };
		E3AA5DFB20E194DD0095856A /* ViewController.swift in Sources */ = {isa = PBXBuildFile; fileRef = E3AA5DFA20E194DD0095856A /* ViewController.swift */; };
		E3AA5DFE20E194DD0095856A /* Main.storyboard in Resources */ = {isa = PBXBuildFile; fileRef = E3AA5DFC20E194DD0095856A /* Main.storyboard */; };
		E3AA5E0020E194DE0095856A /* Assets.xcassets in Resources */ = {isa = PBXBuildFile; fileRef = E3AA5DFF20E194DE0095856A /* Assets.xcassets */; };
		E3AA5E0320E194DE0095856A /* LaunchScreen.storyboard in Resources */ = {isa = PBXBuildFile; fileRef = E3AA5E0120E194DE0095856A /* LaunchScreen.storyboard */; };
		E3E63C3B20F53F2200006BA1 /* metronomeSound3.wav in Resources */ = {isa = PBXBuildFile; fileRef = E3E63C3720F53F2200006BA1 /* metronomeSound3.wav */; };
		E3E63C3C20F53F2200006BA1 /* metronomeSound2.wav in Resources */ = {isa = PBXBuildFile; fileRef = E3E63C3820F53F2200006BA1 /* metronomeSound2.wav */; };
		E3E63C3D20F53F2200006BA1 /* metronomeSound4.wav in Resources */ = {isa = PBXBuildFile; fileRef = E3E63C3920F53F2200006BA1 /* metronomeSound4.wav */; };
		E3E63C3E20F53F2200006BA1 /* metronomeSound1.wav in Resources */ = {isa = PBXBuildFile; fileRef = E3E63C3A20F53F2200006BA1 /* metronomeSound1.wav */; };
/* End PBXBuildFile section */

/* Begin PBXFileReference section */
		11DB5B01A7C2A1F9E31477D1 /* Pods-TrainYaDrums.debug.xcconfig */ = {isa = PBXFileReference; includeInIndex = 1; lastKnownFileType = text.xcconfig; name = "Pods-TrainYaDrums.debug.xcconfig"; path = "Pods/Target Support Files/Pods-TrainYaDrums/Pods-TrainYaDrums.debug.xcconfig"; sourceTree = "<group>"; };
		406EB34D549EE61EC0267520 /* Pods_TrainYaDrums.framework */ = {isa = PBXFileReference; explicitFileType = wrapper.framework; includeInIndex = 0; path = Pods_TrainYaDrums.framework; sourceTree = BUILT_PRODUCTS_DIR; };
		7FAA496B5F714D32E2481B08 /* Pods_DrumTrainer.framework */ = {isa = PBXFileReference; explicitFileType = wrapper.framework; includeInIndex = 0; path = Pods_DrumTrainer.framework; sourceTree = BUILT_PRODUCTS_DIR; };
		8F097722D340F067E7E22152 /* Pods-DrumTrainer.release.xcconfig */ = {isa = PBXFileReference; includeInIndex = 1; lastKnownFileType = text.xcconfig; name = "Pods-DrumTrainer.release.xcconfig"; path = "Pods/Target Support Files/Pods-DrumTrainer/Pods-DrumTrainer.release.xcconfig"; sourceTree = "<group>"; };
		C4E6A2B472CB791D02837E95 /* Pods-DrumTrainer.debug.xcconfig */ = {isa = PBXFileReference; includeInIndex = 1; lastKnownFileType = text.xcconfig; name = "Pods-DrumTrainer.debug.xcconfig"; path = "Pods/Target Support Files/Pods-DrumTrainer/Pods-DrumTrainer.debug.xcconfig"; sourceTree = "<group>"; };
		E319501B20E82D6000A50A55 /* Drums.swift */ = {isa = PBXFileReference; lastKnownFileType = sourcecode.swift; path = Drums.swift; sourceTree = "<group>"; };
		E325AE7420FE7D7E002D5F35 /* UIView+Border.swift */ = {isa = PBXFileReference; lastKnownFileType = sourcecode.swift; path = "UIView+Border.swift"; sourceTree = "<group>"; };
		E35FF84E20F9DB4C00B10658 /* UIView+@IBInspectable.swift */ = {isa = PBXFileReference; lastKnownFileType = sourcecode.swift; path = "UIView+@IBInspectable.swift"; sourceTree = "<group>"; };
		E35FF85020F9DC3800B10658 /* UIView+Blink.swift */ = {isa = PBXFileReference; lastKnownFileType = sourcecode.swift; path = "UIView+Blink.swift"; sourceTree = "<group>"; };
		E36F010E2109145900ACEB59 /* GlobalClock.swift */ = {isa = PBXFileReference; lastKnownFileType = sourcecode.swift; path = GlobalClock.swift; sourceTree = "<group>"; };
		E37D20F620FE573600796084 /* UIColor+HexColor.swift */ = {isa = PBXFileReference; lastKnownFileType = sourcecode.swift; path = "UIColor+HexColor.swift"; sourceTree = "<group>"; };
		E383EF14210E59C0004879D9 /* Synchronizable.swift */ = {isa = PBXFileReference; lastKnownFileType = sourcecode.swift; path = Synchronizable.swift; sourceTree = "<group>"; };
		E383EF16210E6443004879D9 /* Drums */ = {isa = PBXFileReference; lastKnownFileType = folder; path = Drums; sourceTree = "<group>"; };
		E38A338A210492C100309084 /* ExamplePlayer.swift */ = {isa = PBXFileReference; lastKnownFileType = sourcecode.swift; path = ExamplePlayer.swift; sourceTree = "<group>"; };
		E394A4B420F3D146002F2183 /* Metronom.swift */ = {isa = PBXFileReference; lastKnownFileType = sourcecode.swift; path = Metronom.swift; sourceTree = "<group>"; };
		E3AA5DF520E194DC0095856A /* DrumTrainer.app */ = {isa = PBXFileReference; explicitFileType = wrapper.application; includeInIndex = 0; path = DrumTrainer.app; sourceTree = BUILT_PRODUCTS_DIR; };
		E3AA5DF820E194DD0095856A /* AppDelegate.swift */ = {isa = PBXFileReference; lastKnownFileType = sourcecode.swift; path = AppDelegate.swift; sourceTree = "<group>"; };
		E3AA5DFA20E194DD0095856A /* ViewController.swift */ = {isa = PBXFileReference; lastKnownFileType = sourcecode.swift; path = ViewController.swift; sourceTree = "<group>"; };
		E3AA5DFD20E194DD0095856A /* Base */ = {isa = PBXFileReference; lastKnownFileType = file.storyboard; name = Base; path = Base.lproj/Main.storyboard; sourceTree = "<group>"; };
		E3AA5DFF20E194DE0095856A /* Assets.xcassets */ = {isa = PBXFileReference; lastKnownFileType = folder.assetcatalog; path = Assets.xcassets; sourceTree = "<group>"; };
		E3AA5E0220E194DE0095856A /* Base */ = {isa = PBXFileReference; lastKnownFileType = file.storyboard; name = Base; path = Base.lproj/LaunchScreen.storyboard; sourceTree = "<group>"; };
		E3AA5E0420E194DE0095856A /* Info.plist */ = {isa = PBXFileReference; lastKnownFileType = text.plist.xml; path = Info.plist; sourceTree = "<group>"; };
		E3E63C3720F53F2200006BA1 /* metronomeSound3.wav */ = {isa = PBXFileReference; lastKnownFileType = audio.wav; path = metronomeSound3.wav; sourceTree = "<group>"; };
		E3E63C3820F53F2200006BA1 /* metronomeSound2.wav */ = {isa = PBXFileReference; lastKnownFileType = audio.wav; path = metronomeSound2.wav; sourceTree = "<group>"; };
		E3E63C3920F53F2200006BA1 /* metronomeSound4.wav */ = {isa = PBXFileReference; lastKnownFileType = audio.wav; path = metronomeSound4.wav; sourceTree = "<group>"; };
		E3E63C3A20F53F2200006BA1 /* metronomeSound1.wav */ = {isa = PBXFileReference; lastKnownFileType = audio.wav; path = metronomeSound1.wav; sourceTree = "<group>"; };
		EBE5BEDD681DB24D8BAEBC44 /* Pods-TrainYaDrums.release.xcconfig */ = {isa = PBXFileReference; includeInIndex = 1; lastKnownFileType = text.xcconfig; name = "Pods-TrainYaDrums.release.xcconfig"; path = "Pods/Target Support Files/Pods-TrainYaDrums/Pods-TrainYaDrums.release.xcconfig"; sourceTree = "<group>"; };
/* End PBXFileReference section */

/* Begin PBXFrameworksBuildPhase section */
		E3AA5DF220E194DC0095856A /* Frameworks */ = {
			isa = PBXFrameworksBuildPhase;
			buildActionMask = 2147483647;
			files = (
				8CF67967A9A5C7A54C1D8D5F /* Pods_DrumTrainer.framework in Frameworks */,
			);
			runOnlyForDeploymentPostprocessing = 0;
		};
/* End PBXFrameworksBuildPhase section */

/* Begin PBXGroup section */
		0DDCEF75F2DD83673E9D3C2A /* Pods */ = {
			isa = PBXGroup;
			children = (
				11DB5B01A7C2A1F9E31477D1 /* Pods-TrainYaDrums.debug.xcconfig */,
				EBE5BEDD681DB24D8BAEBC44 /* Pods-TrainYaDrums.release.xcconfig */,
				C4E6A2B472CB791D02837E95 /* Pods-DrumTrainer.debug.xcconfig */,
				8F097722D340F067E7E22152 /* Pods-DrumTrainer.release.xcconfig */,
			);
			name = Pods;
			sourceTree = "<group>";
		};
		DB1DB0759DC0B976B2F36765 /* Frameworks */ = {
			isa = PBXGroup;
			children = (
				406EB34D549EE61EC0267520 /* Pods_TrainYaDrums.framework */,
				7FAA496B5F714D32E2481B08 /* Pods_DrumTrainer.framework */,
			);
			name = Frameworks;
			sourceTree = "<group>";
		};
		E35FF84D20F9DB1E00B10658 /* Extension */ = {
			isa = PBXGroup;
			children = (
				E35FF84E20F9DB4C00B10658 /* UIView+@IBInspectable.swift */,
				E35FF85020F9DC3800B10658 /* UIView+Blink.swift */,
				E37D20F620FE573600796084 /* UIColor+HexColor.swift */,
				E325AE7420FE7D7E002D5F35 /* UIView+Border.swift */,
			);
			path = Extension;
			sourceTree = "<group>";
		};
		E3AA5DEC20E194DC0095856A = {
			isa = PBXGroup;
			children = (
				E3AA5DF720E194DC0095856A /* TrainYaDrums */,
				E3AA5DF620E194DC0095856A /* Products */,
				0DDCEF75F2DD83673E9D3C2A /* Pods */,
				DB1DB0759DC0B976B2F36765 /* Frameworks */,
			);
			sourceTree = "<group>";
		};
		E3AA5DF620E194DC0095856A /* Products */ = {
			isa = PBXGroup;
			children = (
				E3AA5DF520E194DC0095856A /* DrumTrainer.app */,
			);
			name = Products;
			sourceTree = "<group>";
		};
		E3AA5DF720E194DC0095856A /* TrainYaDrums */ = {
			isa = PBXGroup;
			children = (
				E383EF16210E6443004879D9 /* Drums */,
				E35FF84D20F9DB1E00B10658 /* Extension */,
				E3E63C2E20F53ECB00006BA1 /* MetronomeSounds */,
				E3AA5DF820E194DD0095856A /* AppDelegate.swift */,
				E3AA5DFA20E194DD0095856A /* ViewController.swift */,
				E3AA5DFC20E194DD0095856A /* Main.storyboard */,
				E3AA5DFF20E194DE0095856A /* Assets.xcassets */,
				E3AA5E0120E194DE0095856A /* LaunchScreen.storyboard */,
				E3AA5E0420E194DE0095856A /* Info.plist */,
				E319501B20E82D6000A50A55 /* Drums.swift */,
				E394A4B420F3D146002F2183 /* Metronom.swift */,
				E38A338A210492C100309084 /* ExamplePlayer.swift */,
				E36F010E2109145900ACEB59 /* GlobalClock.swift */,
				E383EF14210E59C0004879D9 /* Synchronizable.swift */,
			);
			path = TrainYaDrums;
			sourceTree = "<group>";
		};
		E3E63C2E20F53ECB00006BA1 /* MetronomeSounds */ = {
			isa = PBXGroup;
			children = (
				E3E63C3A20F53F2200006BA1 /* metronomeSound1.wav */,
				E3E63C3820F53F2200006BA1 /* metronomeSound2.wav */,
				E3E63C3720F53F2200006BA1 /* metronomeSound3.wav */,
				E3E63C3920F53F2200006BA1 /* metronomeSound4.wav */,
			);
			path = MetronomeSounds;
			sourceTree = "<group>";
		};
/* End PBXGroup section */

/* Begin PBXNativeTarget section */
		E3AA5DF420E194DC0095856A /* DrumTrainer */ = {
			isa = PBXNativeTarget;
			buildConfigurationList = E3AA5E0720E194DE0095856A /* Build configuration list for PBXNativeTarget "DrumTrainer" */;
			buildPhases = (
				E34D62062114B2B100147A32 /* ShellScript */,
				A782C4D7024C419832B932D8 /* [CP] Check Pods Manifest.lock */,
				E3AA5DF120E194DC0095856A /* Sources */,
				E3AA5DF220E194DC0095856A /* Frameworks */,
				E3AA5DF320E194DC0095856A /* Resources */,
			);
			buildRules = (
			);
			dependencies = (
			);
			name = DrumTrainer;
			productName = TrainYaDrums;
			productReference = E3AA5DF520E194DC0095856A /* DrumTrainer.app */;
			productType = "com.apple.product-type.application";
		};
/* End PBXNativeTarget section */

/* Begin PBXProject section */
		E3AA5DED20E194DC0095856A /* Project object */ = {
			isa = PBXProject;
			attributes = {
				LastSwiftUpdateCheck = 0940;
				LastUpgradeCheck = 0940;
				ORGANIZATIONNAME = NVT;
				TargetAttributes = {
					E3AA5DF420E194DC0095856A = {
						CreatedOnToolsVersion = 9.4;
					};
				};
			};
			buildConfigurationList = E3AA5DF020E194DC0095856A /* Build configuration list for PBXProject "DrumTrainer" */;
			compatibilityVersion = "Xcode 9.3";
			developmentRegion = en;
			hasScannedForEncodings = 0;
			knownRegions = (
				en,
				Base,
			);
			mainGroup = E3AA5DEC20E194DC0095856A;
			productRefGroup = E3AA5DF620E194DC0095856A /* Products */;
			projectDirPath = "";
			projectRoot = "";
			targets = (
				E3AA5DF420E194DC0095856A /* DrumTrainer */,
			);
		};
/* End PBXProject section */

/* Begin PBXResourcesBuildPhase section */
		E3AA5DF320E194DC0095856A /* Resources */ = {
			isa = PBXResourcesBuildPhase;
			buildActionMask = 2147483647;
			files = (
				E383EF17210E6444004879D9 /* Drums in Resources */,
				E3AA5E0320E194DE0095856A /* LaunchScreen.storyboard in Resources */,
				E3E63C3C20F53F2200006BA1 /* metronomeSound2.wav in Resources */,
				E3AA5E0020E194DE0095856A /* Assets.xcassets in Resources */,
				E3E63C3D20F53F2200006BA1 /* metronomeSound4.wav in Resources */,
				E3E63C3B20F53F2200006BA1 /* metronomeSound3.wav in Resources */,
				E3AA5DFE20E194DD0095856A /* Main.storyboard in Resources */,
				E3E63C3E20F53F2200006BA1 /* metronomeSound1.wav in Resources */,
			);
			runOnlyForDeploymentPostprocessing = 0;
		};
/* End PBXResourcesBuildPhase section */

/* Begin PBXShellScriptBuildPhase section */
		A782C4D7024C419832B932D8 /* [CP] Check Pods Manifest.lock */ = {
			isa = PBXShellScriptBuildPhase;
			buildActionMask = 2147483647;
			files = (
			);
			inputPaths = (
				"${PODS_PODFILE_DIR_PATH}/Podfile.lock",
				"${PODS_ROOT}/Manifest.lock",
			);
			name = "[CP] Check Pods Manifest.lock";
			outputPaths = (
				"$(DERIVED_FILE_DIR)/Pods-DrumTrainer-checkManifestLockResult.txt",
			);
			runOnlyForDeploymentPostprocessing = 0;
			shellPath = /bin/sh;
			shellScript = "diff \"${PODS_PODFILE_DIR_PATH}/Podfile.lock\" \"${PODS_ROOT}/Manifest.lock\" > /dev/null\nif [ $? != 0 ] ; then\n    # print error to STDERR\n    echo \"error: The sandbox is not in sync with the Podfile.lock. Run 'pod install' or update your CocoaPods installation.\" >&2\n    exit 1\nfi\n# This output is used by Xcode 'outputs' to avoid re-running this script phase.\necho \"SUCCESS\" > \"${SCRIPT_OUTPUT_FILE_0}\"\n";
			showEnvVarsInLog = 0;
		};
		E34D62062114B2B100147A32 /* ShellScript */ = {
			isa = PBXShellScriptBuildPhase;
			buildActionMask = 2147483647;
			files = (
			);
			inputPaths = (
			);
			outputPaths = (
			);
			runOnlyForDeploymentPostprocessing = 0;
			shellPath = /bin/sh;
			shellScript = "\"${PODS_ROOT}/SwiftLint/swiftlint\"";
		};
/* End PBXShellScriptBuildPhase section */

/* Begin PBXSourcesBuildPhase section */
		E3AA5DF120E194DC0095856A /* Sources */ = {
			isa = PBXSourcesBuildPhase;
			buildActionMask = 2147483647;
			files = (
				E325AE7520FE7D7E002D5F35 /* UIView+Border.swift in Sources */,
				E36F010F2109145900ACEB59 /* GlobalClock.swift in Sources */,
				E3AA5DFB20E194DD0095856A /* ViewController.swift in Sources */,
				E35FF85120F9DC3800B10658 /* UIView+Blink.swift in Sources */,
				E319501C20E82D6000A50A55 /* Drums.swift in Sources */,
				E38A338B210492C100309084 /* ExamplePlayer.swift in Sources */,
				E37D20F720FE573600796084 /* UIColor+HexColor.swift in Sources */,
				E383EF15210E59C0004879D9 /* Synchronizable.swift in Sources */,
				E35FF84F20F9DB4C00B10658 /* UIView+@IBInspectable.swift in Sources */,
				E394A4B520F3D146002F2183 /* Metronom.swift in Sources */,
				E3AA5DF920E194DD0095856A /* AppDelegate.swift in Sources */,
			);
			runOnlyForDeploymentPostprocessing = 0;
		};
/* End PBXSourcesBuildPhase section */

/* Begin PBXVariantGroup section */
		E3AA5DFC20E194DD0095856A /* Main.storyboard */ = {
			isa = PBXVariantGroup;
			children = (
				E3AA5DFD20E194DD0095856A /* Base */,
			);
			name = Main.storyboard;
			sourceTree = "<group>";
		};
		E3AA5E0120E194DE0095856A /* LaunchScreen.storyboard */ = {
			isa = PBXVariantGroup;
			children = (
				E3AA5E0220E194DE0095856A /* Base */,
			);
			name = LaunchScreen.storyboard;
			sourceTree = "<group>";
		};
/* End PBXVariantGroup section */

/* Begin XCBuildConfiguration section */
		E3AA5E0520E194DE0095856A /* Debug */ = {
			isa = XCBuildConfiguration;
			buildSettings = {
				ALWAYS_SEARCH_USER_PATHS = NO;
				CLANG_ANALYZER_NONNULL = YES;
				CLANG_ANALYZER_NUMBER_OBJECT_CONVERSION = YES_AGGRESSIVE;
				CLANG_CXX_LANGUAGE_STANDARD = "gnu++14";
				CLANG_CXX_LIBRARY = "libc++";
				CLANG_ENABLE_MODULES = YES;
				CLANG_ENABLE_OBJC_ARC = YES;
				CLANG_ENABLE_OBJC_WEAK = YES;
				CLANG_WARN_BLOCK_CAPTURE_AUTORELEASING = YES;
				CLANG_WARN_BOOL_CONVERSION = YES;
				CLANG_WARN_COMMA = YES;
				CLANG_WARN_CONSTANT_CONVERSION = YES;
				CLANG_WARN_DEPRECATED_OBJC_IMPLEMENTATIONS = YES;
				CLANG_WARN_DIRECT_OBJC_ISA_USAGE = YES_ERROR;
				CLANG_WARN_DOCUMENTATION_COMMENTS = YES;
				CLANG_WARN_EMPTY_BODY = YES;
				CLANG_WARN_ENUM_CONVERSION = YES;
				CLANG_WARN_INFINITE_RECURSION = YES;
				CLANG_WARN_INT_CONVERSION = YES;
				CLANG_WARN_NON_LITERAL_NULL_CONVERSION = YES;
				CLANG_WARN_OBJC_IMPLICIT_RETAIN_SELF = YES;
				CLANG_WARN_OBJC_LITERAL_CONVERSION = YES;
				CLANG_WARN_OBJC_ROOT_CLASS = YES_ERROR;
				CLANG_WARN_RANGE_LOOP_ANALYSIS = YES;
				CLANG_WARN_STRICT_PROTOTYPES = YES;
				CLANG_WARN_SUSPICIOUS_MOVE = YES;
				CLANG_WARN_UNGUARDED_AVAILABILITY = YES_AGGRESSIVE;
				CLANG_WARN_UNREACHABLE_CODE = YES;
				CLANG_WARN__DUPLICATE_METHOD_MATCH = YES;
				CODE_SIGN_IDENTITY = "iPhone Developer";
				COPY_PHASE_STRIP = NO;
				DEBUG_INFORMATION_FORMAT = dwarf;
				ENABLE_STRICT_OBJC_MSGSEND = YES;
				ENABLE_TESTABILITY = YES;
				GCC_C_LANGUAGE_STANDARD = gnu11;
				GCC_DYNAMIC_NO_PIC = NO;
				GCC_NO_COMMON_BLOCKS = YES;
				GCC_OPTIMIZATION_LEVEL = 0;
				GCC_PREPROCESSOR_DEFINITIONS = (
					"DEBUG=1",
					"$(inherited)",
				);
				GCC_WARN_64_TO_32_BIT_CONVERSION = YES;
				GCC_WARN_ABOUT_RETURN_TYPE = YES_ERROR;
				GCC_WARN_UNDECLARED_SELECTOR = YES;
				GCC_WARN_UNINITIALIZED_AUTOS = YES_AGGRESSIVE;
				GCC_WARN_UNUSED_FUNCTION = YES;
				GCC_WARN_UNUSED_VARIABLE = YES;
				IPHONEOS_DEPLOYMENT_TARGET = 11.4;
				MTL_ENABLE_DEBUG_INFO = YES;
				ONLY_ACTIVE_ARCH = YES;
				SDKROOT = iphoneos;
				SWIFT_ACTIVE_COMPILATION_CONDITIONS = DEBUG;
				SWIFT_OPTIMIZATION_LEVEL = "-Onone";
			};
			name = Debug;
		};
		E3AA5E0620E194DE0095856A /* Release */ = {
			isa = XCBuildConfiguration;
			buildSettings = {
				ALWAYS_SEARCH_USER_PATHS = NO;
				CLANG_ANALYZER_NONNULL = YES;
				CLANG_ANALYZER_NUMBER_OBJECT_CONVERSION = YES_AGGRESSIVE;
				CLANG_CXX_LANGUAGE_STANDARD = "gnu++14";
				CLANG_CXX_LIBRARY = "libc++";
				CLANG_ENABLE_MODULES = YES;
				CLANG_ENABLE_OBJC_ARC = YES;
				CLANG_ENABLE_OBJC_WEAK = YES;
				CLANG_WARN_BLOCK_CAPTURE_AUTORELEASING = YES;
				CLANG_WARN_BOOL_CONVERSION = YES;
				CLANG_WARN_COMMA = YES;
				CLANG_WARN_CONSTANT_CONVERSION = YES;
				CLANG_WARN_DEPRECATED_OBJC_IMPLEMENTATIONS = YES;
				CLANG_WARN_DIRECT_OBJC_ISA_USAGE = YES_ERROR;
				CLANG_WARN_DOCUMENTATION_COMMENTS = YES;
				CLANG_WARN_EMPTY_BODY = YES;
				CLANG_WARN_ENUM_CONVERSION = YES;
				CLANG_WARN_INFINITE_RECURSION = YES;
				CLANG_WARN_INT_CONVERSION = YES;
				CLANG_WARN_NON_LITERAL_NULL_CONVERSION = YES;
				CLANG_WARN_OBJC_IMPLICIT_RETAIN_SELF = YES;
				CLANG_WARN_OBJC_LITERAL_CONVERSION = YES;
				CLANG_WARN_OBJC_ROOT_CLASS = YES_ERROR;
				CLANG_WARN_RANGE_LOOP_ANALYSIS = YES;
				CLANG_WARN_STRICT_PROTOTYPES = YES;
				CLANG_WARN_SUSPICIOUS_MOVE = YES;
				CLANG_WARN_UNGUARDED_AVAILABILITY = YES_AGGRESSIVE;
				CLANG_WARN_UNREACHABLE_CODE = YES;
				CLANG_WARN__DUPLICATE_METHOD_MATCH = YES;
				CODE_SIGN_IDENTITY = "iPhone Developer";
				COPY_PHASE_STRIP = NO;
				DEBUG_INFORMATION_FORMAT = "dwarf-with-dsym";
				ENABLE_NS_ASSERTIONS = NO;
				ENABLE_STRICT_OBJC_MSGSEND = YES;
				GCC_C_LANGUAGE_STANDARD = gnu11;
				GCC_NO_COMMON_BLOCKS = YES;
				GCC_WARN_64_TO_32_BIT_CONVERSION = YES;
				GCC_WARN_ABOUT_RETURN_TYPE = YES_ERROR;
				GCC_WARN_UNDECLARED_SELECTOR = YES;
				GCC_WARN_UNINITIALIZED_AUTOS = YES_AGGRESSIVE;
				GCC_WARN_UNUSED_FUNCTION = YES;
				GCC_WARN_UNUSED_VARIABLE = YES;
				IPHONEOS_DEPLOYMENT_TARGET = 11.4;
				MTL_ENABLE_DEBUG_INFO = NO;
				SDKROOT = iphoneos;
				SWIFT_COMPILATION_MODE = wholemodule;
				SWIFT_OPTIMIZATION_LEVEL = "-O";
				VALIDATE_PRODUCT = YES;
			};
			name = Release;
		};
		E3AA5E0820E194DE0095856A /* Debug */ = {
			isa = XCBuildConfiguration;
			baseConfigurationReference = C4E6A2B472CB791D02837E95 /* Pods-DrumTrainer.debug.xcconfig */;
			buildSettings = {
				ASSETCATALOG_COMPILER_APPICON_NAME = AppIcon;
				CODE_SIGN_STYLE = Automatic;
				DEVELOPMENT_TEAM = 68DB4QGQ33;
				INFOPLIST_FILE = TrainYaDrums/Info.plist;
				LD_RUNPATH_SEARCH_PATHS = (
					"$(inherited)",
					"@executable_path/Frameworks",
				);
				PRODUCT_BUNDLE_IDENTIFIER = com.nvt.TrainYaDrums;
				PRODUCT_NAME = "$(TARGET_NAME)";
				SWIFT_VERSION = 4.0;
				TARGETED_DEVICE_FAMILY = "1,2";
			};
			name = Debug;
		};
		E3AA5E0920E194DE0095856A /* Release */ = {
			isa = XCBuildConfiguration;
			baseConfigurationReference = 8F097722D340F067E7E22152 /* Pods-DrumTrainer.release.xcconfig */;
			buildSettings = {
				ASSETCATALOG_COMPILER_APPICON_NAME = AppIcon;
				CODE_SIGN_STYLE = Automatic;
				DEVELOPMENT_TEAM = 68DB4QGQ33;
				INFOPLIST_FILE = TrainYaDrums/Info.plist;
				LD_RUNPATH_SEARCH_PATHS = (
					"$(inherited)",
					"@executable_path/Frameworks",
				);
				PRODUCT_BUNDLE_IDENTIFIER = com.nvt.TrainYaDrums;
				PRODUCT_NAME = "$(TARGET_NAME)";
				SWIFT_VERSION = 4.0;
				TARGETED_DEVICE_FAMILY = "1,2";
			};
			name = Release;
		};
/* End XCBuildConfiguration section */

/* Begin XCConfigurationList section */
		E3AA5DF020E194DC0095856A /* Build configuration list for PBXProject "DrumTrainer" */ = {
			isa = XCConfigurationList;
			buildConfigurations = (
				E3AA5E0520E194DE0095856A /* Debug */,
				E3AA5E0620E194DE0095856A /* Release */,
			);
			defaultConfigurationIsVisible = 0;
			defaultConfigurationName = Release;
		};
		E3AA5E0720E194DE0095856A /* Build configuration list for PBXNativeTarget "DrumTrainer" */ = {
			isa = XCConfigurationList;
			buildConfigurations = (
				E3AA5E0820E194DE0095856A /* Debug */,
				E3AA5E0920E194DE0095856A /* Release */,
			);
			defaultConfigurationIsVisible = 0;
			defaultConfigurationName = Release;
		};
/* End XCConfigurationList section */
	};
	rootObject = E3AA5DED20E194DC0095856A /* Project object */;
}
