// !$*UTF8*$!
{
	archiveVersion = 1;
	classes = {
	};
	objectVersion = 50;
	objects = {

/* Begin PBXBuildFile section */
		8CF67967A9A5C7A54C1D8D5F /* Pods_DrumTrainer.framework in Frameworks */ = {isa = PBXBuildFile; fileRef = 7FAA496B5F714D32E2481B08 /* Pods_DrumTrainer.framework */; };
		E319CC482141A41300E1FF52 /* ExampleBeat.swift in Sources */ = {isa = PBXBuildFile; fileRef = E319CC472141A41300E1FF52 /* ExampleBeat.swift */; };
		E319CC4A2141A49C00E1FF52 /* SimpleHouseExampleBeat.swift in Sources */ = {isa = PBXBuildFile; fileRef = E319CC492141A49C00E1FF52 /* SimpleHouseExampleBeat.swift */; };
		E319CC4C2141CDB300E1FF52 /* BeatNotesLoader.swift in Sources */ = {isa = PBXBuildFile; fileRef = E319CC4B2141CDB200E1FF52 /* BeatNotesLoader.swift */; };
		E325AE7520FE7D7E002D5F35 /* UIView+Border.swift in Sources */ = {isa = PBXBuildFile; fileRef = E325AE7420FE7D7E002D5F35 /* UIView+Border.swift */; };
		E32B4A1F213DB75D009F3089 /* IBDesignable.swift in Sources */ = {isa = PBXBuildFile; fileRef = E32B4A1E213DB75D009F3089 /* IBDesignable.swift */; };
		E3307969211CF76600CCD037 /* ExampleBeatNotes.swift in Sources */ = {isa = PBXBuildFile; fileRef = E3307968211CF76600CCD037 /* ExampleBeatNotes.swift */; };
		E351E6BE213AA42600B4CF53 /* Sampler.swift in Sources */ = {isa = PBXBuildFile; fileRef = E351E6BD213AA42600B4CF53 /* Sampler.swift */; };
		E351E6C0213AA69F00B4CF53 /* MetronomeSampler.swift in Sources */ = {isa = PBXBuildFile; fileRef = E351E6BF213AA69F00B4CF53 /* MetronomeSampler.swift */; };
		E351E6C2213AA6B500B4CF53 /* DrumSampler.swift in Sources */ = {isa = PBXBuildFile; fileRef = E351E6C1213AA6B500B4CF53 /* DrumSampler.swift */; };
		E35FC4762148601D0092018F /* SelectBeatTableViewController.swift in Sources */ = {isa = PBXBuildFile; fileRef = E35FC4752148601D0092018F /* SelectBeatTableViewController.swift */; };
		E35FF84F20F9DB4C00B10658 /* UIView+@IBInspectable.swift in Sources */ = {isa = PBXBuildFile; fileRef = E35FF84E20F9DB4C00B10658 /* UIView+@IBInspectable.swift */; };
		E35FF85120F9DC3800B10658 /* UIView+Blink.swift in Sources */ = {isa = PBXBuildFile; fileRef = E35FF85020F9DC3800B10658 /* UIView+Blink.swift */; };
		E3622C9E212874390053F190 /* AudioPlayer.swift in Sources */ = {isa = PBXBuildFile; fileRef = E3622C9D212874390053F190 /* AudioPlayer.swift */; };
		E36D628A214C38CC00E33221 /* EmptyExampleBeat.swift in Sources */ = {isa = PBXBuildFile; fileRef = E36D6289214C38CC00E33221 /* EmptyExampleBeat.swift */; };
		E36F010F2109145900ACEB59 /* GlobalClock.swift in Sources */ = {isa = PBXBuildFile; fileRef = E36F010E2109145900ACEB59 /* GlobalClock.swift */; };
		E37484D9215B8BA8002B273C /* .swiftlint.yml in Resources */ = {isa = PBXBuildFile; fileRef = E37484D8215B8BA8002B273C /* .swiftlint.yml */; };
		E37D20F720FE573600796084 /* UIColor+HexColor.swift in Sources */ = {isa = PBXBuildFile; fileRef = E37D20F620FE573600796084 /* UIColor+HexColor.swift */; };
		E38356FB2145C0280001582F /* BeatNotesSaver.swift in Sources */ = {isa = PBXBuildFile; fileRef = E38356FA2145C0280001582F /* BeatNotesSaver.swift */; };
		E383EF15210E59C0004879D9 /* Synchronizable.swift in Sources */ = {isa = PBXBuildFile; fileRef = E383EF14210E59C0004879D9 /* Synchronizable.swift */; };
		E383EF17210E6444004879D9 /* AudioFiles in Resources */ = {isa = PBXBuildFile; fileRef = E383EF16210E6443004879D9 /* AudioFiles */; };
		E38A338B210492C100309084 /* ExamplePlayer.swift in Sources */ = {isa = PBXBuildFile; fileRef = E38A338A210492C100309084 /* ExamplePlayer.swift */; };
		E393E7AF213997E100D10CAE /* SampleLibrary.swift in Sources */ = {isa = PBXBuildFile; fileRef = E393E7AE213997E100D10CAE /* SampleLibrary.swift */; };
		E393E7B2213998B600D10CAE /* Sample.swift in Sources */ = {isa = PBXBuildFile; fileRef = E393E7B1213998B600D10CAE /* Sample.swift */; };
		E394A4B520F3D146002F2183 /* Metronome.swift in Sources */ = {isa = PBXBuildFile; fileRef = E394A4B420F3D146002F2183 /* Metronome.swift */; };
		E3AA5DF920E194DD0095856A /* AppDelegate.swift in Sources */ = {isa = PBXBuildFile; fileRef = E3AA5DF820E194DD0095856A /* AppDelegate.swift */; };
		E3AA5DFB20E194DD0095856A /* MainViewController.swift in Sources */ = {isa = PBXBuildFile; fileRef = E3AA5DFA20E194DD0095856A /* MainViewController.swift */; };
		E3AA5DFE20E194DD0095856A /* Main.storyboard in Resources */ = {isa = PBXBuildFile; fileRef = E3AA5DFC20E194DD0095856A /* Main.storyboard */; };
		E3AA5E0020E194DE0095856A /* Assets.xcassets in Resources */ = {isa = PBXBuildFile; fileRef = E3AA5DFF20E194DE0095856A /* Assets.xcassets */; };
		E3AA5E0320E194DE0095856A /* LaunchScreen.storyboard in Resources */ = {isa = PBXBuildFile; fileRef = E3AA5E0120E194DE0095856A /* LaunchScreen.storyboard */; };
		E3BA034C214061ED00DB3023 /* DrumpadEighthNotes.swift in Sources */ = {isa = PBXBuildFile; fileRef = E3BA034B214061ED00DB3023 /* DrumpadEighthNotes.swift */; };
		E3BA0350214068CE00DB3023 /* OneBeatEighthNotes.swift in Sources */ = {isa = PBXBuildFile; fileRef = E3BA034F214068CE00DB3023 /* OneBeatEighthNotes.swift */; };
		E3BCDDF8213C224E00063B5D /* SamplerFactory.swift in Sources */ = {isa = PBXBuildFile; fileRef = E3BCDDF7213C224E00063B5D /* SamplerFactory.swift */; };
		E3BCDDFA213C22A000063B5D /* SampleType.swift in Sources */ = {isa = PBXBuildFile; fileRef = E3BCDDF9213C22A000063B5D /* SampleType.swift */; };
		E3CD7804213F3C8D00014681 /* ExampleLibrary.swift in Sources */ = {isa = PBXBuildFile; fileRef = E3CD7803213F3C8D00014681 /* ExampleLibrary.swift */; };
		E3E8DB6421430ECE00FA3A13 /* SimpleBrokenBeatExampleBeat.swift in Sources */ = {isa = PBXBuildFile; fileRef = E3E8DB6321430ECE00FA3A13 /* SimpleBrokenBeatExampleBeat.swift */; };
		E3FD46B7214409CD006CC917 /* PathCollectionViewCell.swift in Sources */ = {isa = PBXBuildFile; fileRef = E3FD46B5214409CD006CC917 /* PathCollectionViewCell.swift */; };
		E3FD46B8214409CD006CC917 /* PathCollectionViewCell.xib in Resources */ = {isa = PBXBuildFile; fileRef = E3FD46B6214409CD006CC917 /* PathCollectionViewCell.xib */; };
		E3FD46BB21440A3F006CC917 /* CollectionReusableView.swift in Sources */ = {isa = PBXBuildFile; fileRef = E3FD46B921440A3F006CC917 /* CollectionReusableView.swift */; };
		E3FD46BC21440A3F006CC917 /* CollectionReusableView.xib in Resources */ = {isa = PBXBuildFile; fileRef = E3FD46BA21440A3F006CC917 /* CollectionReusableView.xib */; };
		E3FD46BE21440E6F006CC917 /* BeatEditViewController.swift in Sources */ = {isa = PBXBuildFile; fileRef = E3FD46BD21440E6F006CC917 /* BeatEditViewController.swift */; };
		E3FE3BFD2130A11100F0FEAB /* SampleLoader.swift in Sources */ = {isa = PBXBuildFile; fileRef = E3FE3BFC2130A11100F0FEAB /* SampleLoader.swift */; };
/* End PBXBuildFile section */

/* Begin PBXFileReference section */
		11DB5B01A7C2A1F9E31477D1 /* Pods-TrainYaDrums.debug.xcconfig */ = {isa = PBXFileReference; includeInIndex = 1; lastKnownFileType = text.xcconfig; name = "Pods-TrainYaDrums.debug.xcconfig"; path = "Pods/Target Support Files/Pods-TrainYaDrums/Pods-TrainYaDrums.debug.xcconfig"; sourceTree = "<group>"; };
		406EB34D549EE61EC0267520 /* Pods_TrainYaDrums.framework */ = {isa = PBXFileReference; explicitFileType = wrapper.framework; includeInIndex = 0; path = Pods_TrainYaDrums.framework; sourceTree = BUILT_PRODUCTS_DIR; };
		7FAA496B5F714D32E2481B08 /* Pods_DrumTrainer.framework */ = {isa = PBXFileReference; explicitFileType = wrapper.framework; includeInIndex = 0; path = Pods_DrumTrainer.framework; sourceTree = BUILT_PRODUCTS_DIR; };
		8F097722D340F067E7E22152 /* Pods-DrumTrainer.release.xcconfig */ = {isa = PBXFileReference; includeInIndex = 1; lastKnownFileType = text.xcconfig; name = "Pods-DrumTrainer.release.xcconfig"; path = "Pods/Target Support Files/Pods-DrumTrainer/Pods-DrumTrainer.release.xcconfig"; sourceTree = "<group>"; };
		C4E6A2B472CB791D02837E95 /* Pods-DrumTrainer.debug.xcconfig */ = {isa = PBXFileReference; includeInIndex = 1; lastKnownFileType = text.xcconfig; name = "Pods-DrumTrainer.debug.xcconfig"; path = "Pods/Target Support Files/Pods-DrumTrainer/Pods-DrumTrainer.debug.xcconfig"; sourceTree = "<group>"; };
		E319CC472141A41300E1FF52 /* ExampleBeat.swift */ = {isa = PBXFileReference; lastKnownFileType = sourcecode.swift; path = ExampleBeat.swift; sourceTree = "<group>"; };
		E319CC492141A49C00E1FF52 /* SimpleHouseExampleBeat.swift */ = {isa = PBXFileReference; lastKnownFileType = sourcecode.swift; path = SimpleHouseExampleBeat.swift; sourceTree = "<group>"; };
		E319CC4B2141CDB200E1FF52 /* BeatNotesLoader.swift */ = {isa = PBXFileReference; lastKnownFileType = sourcecode.swift; path = BeatNotesLoader.swift; sourceTree = "<group>"; };
		E325AE7420FE7D7E002D5F35 /* UIView+Border.swift */ = {isa = PBXFileReference; lastKnownFileType = sourcecode.swift; path = "UIView+Border.swift"; sourceTree = "<group>"; };
		E32B4A1E213DB75D009F3089 /* IBDesignable.swift */ = {isa = PBXFileReference; lastKnownFileType = sourcecode.swift; path = IBDesignable.swift; sourceTree = "<group>"; };
		E3307968211CF76600CCD037 /* ExampleBeatNotes.swift */ = {isa = PBXFileReference; lastKnownFileType = sourcecode.swift; path = ExampleBeatNotes.swift; sourceTree = "<group>"; };
		E351E6BD213AA42600B4CF53 /* Sampler.swift */ = {isa = PBXFileReference; lastKnownFileType = sourcecode.swift; path = Sampler.swift; sourceTree = "<group>"; };
		E351E6BF213AA69F00B4CF53 /* MetronomeSampler.swift */ = {isa = PBXFileReference; lastKnownFileType = sourcecode.swift; path = MetronomeSampler.swift; sourceTree = "<group>"; };
		E351E6C1213AA6B500B4CF53 /* DrumSampler.swift */ = {isa = PBXFileReference; lastKnownFileType = sourcecode.swift; path = DrumSampler.swift; sourceTree = "<group>"; };
		E35FC4752148601D0092018F /* SelectBeatTableViewController.swift */ = {isa = PBXFileReference; lastKnownFileType = sourcecode.swift; path = SelectBeatTableViewController.swift; sourceTree = "<group>"; };
		E35FF84E20F9DB4C00B10658 /* UIView+@IBInspectable.swift */ = {isa = PBXFileReference; lastKnownFileType = sourcecode.swift; path = "UIView+@IBInspectable.swift"; sourceTree = "<group>"; };
		E35FF85020F9DC3800B10658 /* UIView+Blink.swift */ = {isa = PBXFileReference; lastKnownFileType = sourcecode.swift; path = "UIView+Blink.swift"; sourceTree = "<group>"; };
		E3622C9D212874390053F190 /* AudioPlayer.swift */ = {isa = PBXFileReference; lastKnownFileType = sourcecode.swift; path = AudioPlayer.swift; sourceTree = "<group>"; };
		E36D6289214C38CC00E33221 /* EmptyExampleBeat.swift */ = {isa = PBXFileReference; lastKnownFileType = sourcecode.swift; path = EmptyExampleBeat.swift; sourceTree = "<group>"; };
		E36F010E2109145900ACEB59 /* GlobalClock.swift */ = {isa = PBXFileReference; lastKnownFileType = sourcecode.swift; path = GlobalClock.swift; sourceTree = "<group>"; };
		E37484D8215B8BA8002B273C /* .swiftlint.yml */ = {isa = PBXFileReference; fileEncoding = 4; lastKnownFileType = text; path = .swiftlint.yml; sourceTree = "<group>"; };
		E37D20F620FE573600796084 /* UIColor+HexColor.swift */ = {isa = PBXFileReference; lastKnownFileType = sourcecode.swift; path = "UIColor+HexColor.swift"; sourceTree = "<group>"; };
		E38356FA2145C0280001582F /* BeatNotesSaver.swift */ = {isa = PBXFileReference; lastKnownFileType = sourcecode.swift; path = BeatNotesSaver.swift; sourceTree = "<group>"; };
		E383EF14210E59C0004879D9 /* Synchronizable.swift */ = {isa = PBXFileReference; lastKnownFileType = sourcecode.swift; path = Synchronizable.swift; sourceTree = "<group>"; };
		E383EF16210E6443004879D9 /* AudioFiles */ = {isa = PBXFileReference; lastKnownFileType = folder; path = AudioFiles; sourceTree = "<group>"; };
		E38A338A210492C100309084 /* ExamplePlayer.swift */ = {isa = PBXFileReference; lastKnownFileType = sourcecode.swift; path = ExamplePlayer.swift; sourceTree = "<group>"; };
		E393E7AE213997E100D10CAE /* SampleLibrary.swift */ = {isa = PBXFileReference; lastKnownFileType = sourcecode.swift; path = SampleLibrary.swift; sourceTree = "<group>"; };
		E393E7B1213998B600D10CAE /* Sample.swift */ = {isa = PBXFileReference; lastKnownFileType = sourcecode.swift; path = Sample.swift; sourceTree = "<group>"; };
		E394A4B420F3D146002F2183 /* Metronome.swift */ = {isa = PBXFileReference; lastKnownFileType = sourcecode.swift; path = Metronome.swift; sourceTree = "<group>"; };
		E3AA5DF520E194DC0095856A /* DrumTrainer.app */ = {isa = PBXFileReference; explicitFileType = wrapper.application; includeInIndex = 0; path = DrumTrainer.app; sourceTree = BUILT_PRODUCTS_DIR; };
		E3AA5DF820E194DD0095856A /* AppDelegate.swift */ = {isa = PBXFileReference; lastKnownFileType = sourcecode.swift; path = AppDelegate.swift; sourceTree = "<group>"; };
		E3AA5DFA20E194DD0095856A /* MainViewController.swift */ = {isa = PBXFileReference; lastKnownFileType = sourcecode.swift; path = MainViewController.swift; sourceTree = "<group>"; };
		E3AA5DFD20E194DD0095856A /* Base */ = {isa = PBXFileReference; lastKnownFileType = file.storyboard; name = Base; path = Base.lproj/Main.storyboard; sourceTree = "<group>"; };
		E3AA5DFF20E194DE0095856A /* Assets.xcassets */ = {isa = PBXFileReference; lastKnownFileType = folder.assetcatalog; path = Assets.xcassets; sourceTree = "<group>"; };
		E3AA5E0220E194DE0095856A /* Base */ = {isa = PBXFileReference; lastKnownFileType = file.storyboard; name = Base; path = Base.lproj/LaunchScreen.storyboard; sourceTree = "<group>"; };
		E3AA5E0420E194DE0095856A /* Info.plist */ = {isa = PBXFileReference; lastKnownFileType = text.plist.xml; path = Info.plist; sourceTree = "<group>"; };
		E3BA034B214061ED00DB3023 /* DrumpadEighthNotes.swift */ = {isa = PBXFileReference; lastKnownFileType = sourcecode.swift; path = DrumpadEighthNotes.swift; sourceTree = "<group>"; };
		E3BA034F214068CE00DB3023 /* OneBeatEighthNotes.swift */ = {isa = PBXFileReference; lastKnownFileType = sourcecode.swift; path = OneBeatEighthNotes.swift; sourceTree = "<group>"; };
		E3BCDDF7213C224E00063B5D /* SamplerFactory.swift */ = {isa = PBXFileReference; lastKnownFileType = sourcecode.swift; path = SamplerFactory.swift; sourceTree = "<group>"; };
		E3BCDDF9213C22A000063B5D /* SampleType.swift */ = {isa = PBXFileReference; lastKnownFileType = sourcecode.swift; path = SampleType.swift; sourceTree = "<group>"; };
		E3CD7803213F3C8D00014681 /* ExampleLibrary.swift */ = {isa = PBXFileReference; lastKnownFileType = sourcecode.swift; path = ExampleLibrary.swift; sourceTree = "<group>"; };
		E3E8DB6321430ECE00FA3A13 /* SimpleBrokenBeatExampleBeat.swift */ = {isa = PBXFileReference; lastKnownFileType = sourcecode.swift; path = SimpleBrokenBeatExampleBeat.swift; sourceTree = "<group>"; };
		E3FD46B5214409CD006CC917 /* PathCollectionViewCell.swift */ = {isa = PBXFileReference; lastKnownFileType = sourcecode.swift; path = PathCollectionViewCell.swift; sourceTree = "<group>"; };
		E3FD46B6214409CD006CC917 /* PathCollectionViewCell.xib */ = {isa = PBXFileReference; lastKnownFileType = file.xib; path = PathCollectionViewCell.xib; sourceTree = "<group>"; };
		E3FD46B921440A3F006CC917 /* CollectionReusableView.swift */ = {isa = PBXFileReference; lastKnownFileType = sourcecode.swift; path = CollectionReusableView.swift; sourceTree = "<group>"; };
		E3FD46BA21440A3F006CC917 /* CollectionReusableView.xib */ = {isa = PBXFileReference; lastKnownFileType = file.xib; path = CollectionReusableView.xib; sourceTree = "<group>"; };
		E3FD46BD21440E6F006CC917 /* BeatEditViewController.swift */ = {isa = PBXFileReference; lastKnownFileType = sourcecode.swift; path = BeatEditViewController.swift; sourceTree = "<group>"; };
		E3FE3BFC2130A11100F0FEAB /* SampleLoader.swift */ = {isa = PBXFileReference; lastKnownFileType = sourcecode.swift; path = SampleLoader.swift; sourceTree = "<group>"; };
		EBE5BEDD681DB24D8BAEBC44 /* Pods-TrainYaDrums.release.xcconfig */ = {isa = PBXFileReference; includeInIndex = 1; lastKnownFileType = text.xcconfig; name = "Pods-TrainYaDrums.release.xcconfig"; path = "Pods/Target Support Files/Pods-TrainYaDrums/Pods-TrainYaDrums.release.xcconfig"; sourceTree = "<group>"; };
/* End PBXFileReference section */

/* Begin PBXFrameworksBuildPhase section */
		E3AA5DF220E194DC0095856A /* Frameworks */ = {
			isa = PBXFrameworksBuildPhase;
			buildActionMask = 2147483647;
			files = (
				8CF67967A9A5C7A54C1D8D5F /* Pods_DrumTrainer.framework in Frameworks */,
			);
			runOnlyForDeploymentPostprocessing = 0;
		};
/* End PBXFrameworksBuildPhase section */

/* Begin PBXGroup section */
		0DDCEF75F2DD83673E9D3C2A /* Pods */ = {
			isa = PBXGroup;
			children = (
				11DB5B01A7C2A1F9E31477D1 /* Pods-TrainYaDrums.debug.xcconfig */,
				EBE5BEDD681DB24D8BAEBC44 /* Pods-TrainYaDrums.release.xcconfig */,
				C4E6A2B472CB791D02837E95 /* Pods-DrumTrainer.debug.xcconfig */,
				8F097722D340F067E7E22152 /* Pods-DrumTrainer.release.xcconfig */,
			);
			name = Pods;
			sourceTree = "<group>";
		};
		DB1DB0759DC0B976B2F36765 /* Frameworks */ = {
			isa = PBXGroup;
			children = (
				406EB34D549EE61EC0267520 /* Pods_TrainYaDrums.framework */,
				7FAA496B5F714D32E2481B08 /* Pods_DrumTrainer.framework */,
			);
			name = Frameworks;
			sourceTree = "<group>";
		};
		E35FF84D20F9DB1E00B10658 /* Extension */ = {
			isa = PBXGroup;
			children = (
				E35FF84E20F9DB4C00B10658 /* UIView+@IBInspectable.swift */,
				E35FF85020F9DC3800B10658 /* UIView+Blink.swift */,
				E37D20F620FE573600796084 /* UIColor+HexColor.swift */,
				E325AE7420FE7D7E002D5F35 /* UIView+Border.swift */,
			);
			path = Extension;
			sourceTree = "<group>";
		};
		E3667BE4213C9253004A1E14 /* Audio */ = {
			isa = PBXGroup;
			children = (
				E3622C9D212874390053F190 /* AudioPlayer.swift */,
				E3FE3BFC2130A11100F0FEAB /* SampleLoader.swift */,
				E393E7AE213997E100D10CAE /* SampleLibrary.swift */,
				E393E7B1213998B600D10CAE /* Sample.swift */,
				E351E6BD213AA42600B4CF53 /* Sampler.swift */,
				E351E6BF213AA69F00B4CF53 /* MetronomeSampler.swift */,
				E351E6C1213AA6B500B4CF53 /* DrumSampler.swift */,
				E3BCDDF7213C224E00063B5D /* SamplerFactory.swift */,
				E3BCDDF9213C22A000063B5D /* SampleType.swift */,
			);
			path = Audio;
			sourceTree = "<group>";
		};
		E3667BE5213C929A004A1E14 /* Synchronizables */ = {
			isa = PBXGroup;
			children = (
				E36F010E2109145900ACEB59 /* GlobalClock.swift */,
				E383EF14210E59C0004879D9 /* Synchronizable.swift */,
				E394A4B420F3D146002F2183 /* Metronome.swift */,
				E38A338A210492C100309084 /* ExamplePlayer.swift */,
			);
			path = Synchronizables;
			sourceTree = "<group>";
		};
		E3667BE6213C92B2004A1E14 /* View */ = {
			isa = PBXGroup;
			children = (
				E3AA5DFC20E194DD0095856A /* Main.storyboard */,
				E3AA5DFF20E194DE0095856A /* Assets.xcassets */,
				E3AA5E0120E194DE0095856A /* LaunchScreen.storyboard */,
				E32B4A1E213DB75D009F3089 /* IBDesignable.swift */,
				E3FD46B5214409CD006CC917 /* PathCollectionViewCell.swift */,
				E3FD46B6214409CD006CC917 /* PathCollectionViewCell.xib */,
				E3FD46B921440A3F006CC917 /* CollectionReusableView.swift */,
				E3FD46BA21440A3F006CC917 /* CollectionReusableView.xib */,
			);
			path = View;
			sourceTree = "<group>";
		};
		E3667BE7213C92BD004A1E14 /* Support Files */ = {
			isa = PBXGroup;
			children = (
				E3AA5DF820E194DD0095856A /* AppDelegate.swift */,
				E3AA5E0420E194DE0095856A /* Info.plist */,
			);
			path = "Support Files";
			sourceTree = "<group>";
		};
		E3667BE8213C92C6004A1E14 /* Controller */ = {
			isa = PBXGroup;
			children = (
				E3AA5DFA20E194DD0095856A /* MainViewController.swift */,
				E3FD46BD21440E6F006CC917 /* BeatEditViewController.swift */,
				E35FC4752148601D0092018F /* SelectBeatTableViewController.swift */,
			);
			path = Controller;
			sourceTree = "<group>";
		};
		E3AA5DEC20E194DC0095856A = {
			isa = PBXGroup;
			children = (
				E3AA5DF720E194DC0095856A /* DrumTrainer */,
				E3AA5DF620E194DC0095856A /* Products */,
				0DDCEF75F2DD83673E9D3C2A /* Pods */,
				DB1DB0759DC0B976B2F36765 /* Frameworks */,
				E37484D8215B8BA8002B273C /* .swiftlint.yml */,
			);
			sourceTree = "<group>";
		};
		E3AA5DF620E194DC0095856A /* Products */ = {
			isa = PBXGroup;
			children = (
				E3AA5DF520E194DC0095856A /* DrumTrainer.app */,
			);
			name = Products;
			sourceTree = "<group>";
		};
		E3AA5DF720E194DC0095856A /* DrumTrainer */ = {
			isa = PBXGroup;
			children = (
				E3E8DB6221430D1400FA3A13 /* Model */,
				E3667BE4213C9253004A1E14 /* Audio */,
				E3667BE5213C929A004A1E14 /* Synchronizables */,
				E3667BE8213C92C6004A1E14 /* Controller */,
				E35FF84D20F9DB1E00B10658 /* Extension */,
				E3667BE7213C92BD004A1E14 /* Support Files */,
				E3667BE6213C92B2004A1E14 /* View */,
				E383EF16210E6443004879D9 /* AudioFiles */,
			);
			path = DrumTrainer;
			sourceTree = "<group>";
		};
		E3E8DB6221430D1400FA3A13 /* Model */ = {
			isa = PBXGroup;
			children = (
				E3307968211CF76600CCD037 /* ExampleBeatNotes.swift */,
				E319CC472141A41300E1FF52 /* ExampleBeat.swift */,
				E3BA034B214061ED00DB3023 /* DrumpadEighthNotes.swift */,
				E3BA034F214068CE00DB3023 /* OneBeatEighthNotes.swift */,
				E319CC492141A49C00E1FF52 /* SimpleHouseExampleBeat.swift */,
				E3E8DB6321430ECE00FA3A13 /* SimpleBrokenBeatExampleBeat.swift */,
				E3CD7803213F3C8D00014681 /* ExampleLibrary.swift */,
				E319CC4B2141CDB200E1FF52 /* BeatNotesLoader.swift */,
				E38356FA2145C0280001582F /* BeatNotesSaver.swift */,
				E36D6289214C38CC00E33221 /* EmptyExampleBeat.swift */,
			);
			path = Model;
			sourceTree = "<group>";
		};
/* End PBXGroup section */

/* Begin PBXNativeTarget section */
		E3AA5DF420E194DC0095856A /* DrumTrainer */ = {
			isa = PBXNativeTarget;
			buildConfigurationList = E3AA5E0720E194DE0095856A /* Build configuration list for PBXNativeTarget "DrumTrainer" */;
			buildPhases = (
				A782C4D7024C419832B932D8 /* [CP] Check Pods Manifest.lock */,
				E34D62062114B2B100147A32 /* ShellScript */,
				E3AA5DF120E194DC0095856A /* Sources */,
				E3AA5DF220E194DC0095856A /* Frameworks */,
				E3AA5DF320E194DC0095856A /* Resources */,
				72B301C9FE5C9C063D589B10 /* [CP] Embed Pods Frameworks */,
			);
			buildRules = (
			);
			dependencies = (
			);
			name = DrumTrainer;
			productName = TrainYaDrums;
			productReference = E3AA5DF520E194DC0095856A /* DrumTrainer.app */;
			productType = "com.apple.product-type.application";
		};
/* End PBXNativeTarget section */

/* Begin PBXProject section */
		E3AA5DED20E194DC0095856A /* Project object */ = {
			isa = PBXProject;
			attributes = {
				LastSwiftUpdateCheck = 0940;
				LastUpgradeCheck = 0940;
				ORGANIZATIONNAME = NVT;
				TargetAttributes = {
					E3AA5DF420E194DC0095856A = {
						CreatedOnToolsVersion = 9.4;
						SystemCapabilities = {
							com.apple.BackgroundModes = {
								enabled = 0;
							};
						};
					};
				};
			};
			buildConfigurationList = E3AA5DF020E194DC0095856A /* Build configuration list for PBXProject "DrumTrainer" */;
			compatibilityVersion = "Xcode 9.3";
			developmentRegion = en;
			hasScannedForEncodings = 0;
			knownRegions = (
				en,
				Base,
			);
			mainGroup = E3AA5DEC20E194DC0095856A;
			productRefGroup = E3AA5DF620E194DC0095856A /* Products */;
			projectDirPath = "";
			projectRoot = "";
			targets = (
				E3AA5DF420E194DC0095856A /* DrumTrainer */,
			);
		};
/* End PBXProject section */

/* Begin PBXResourcesBuildPhase section */
		E3AA5DF320E194DC0095856A /* Resources */ = {
			isa = PBXResourcesBuildPhase;
			buildActionMask = 2147483647;
			files = (
				E383EF17210E6444004879D9 /* AudioFiles in Resources */,
				E3AA5E0320E194DE0095856A /* LaunchScreen.storyboard in Resources */,
				E3FD46B8214409CD006CC917 /* PathCollectionViewCell.xib in Resources */,
				E37484D9215B8BA8002B273C /* .swiftlint.yml in Resources */,
				E3FD46BC21440A3F006CC917 /* CollectionReusableView.xib in Resources */,
				E3AA5E0020E194DE0095856A /* Assets.xcassets in Resources */,
				E3AA5DFE20E194DD0095856A /* Main.storyboard in Resources */,
			);
			runOnlyForDeploymentPostprocessing = 0;
		};
/* End PBXResourcesBuildPhase section */

/* Begin PBXShellScriptBuildPhase section */
		72B301C9FE5C9C063D589B10 /* [CP] Embed Pods Frameworks */ = {
			isa = PBXShellScriptBuildPhase;
			buildActionMask = 2147483647;
			files = (
			);
			inputPaths = (
				"${SRCROOT}/Pods/Target Support Files/Pods-DrumTrainer/Pods-DrumTrainer-frameworks.sh",
				"${PODS_ROOT}/AudioKit/iOS/AudioKitUI.framework",
				"${BUILT_PRODUCTS_DIR}/CollectionViewGridLayout/CollectionViewGridLayout.framework",
				"${BUILT_PRODUCTS_DIR}/Realm/Realm.framework",
				"${BUILT_PRODUCTS_DIR}/RealmSwift/RealmSwift.framework",
			);
			name = "[CP] Embed Pods Frameworks";
			outputPaths = (
				"${TARGET_BUILD_DIR}/${FRAMEWORKS_FOLDER_PATH}/AudioKitUI.framework",
				"${TARGET_BUILD_DIR}/${FRAMEWORKS_FOLDER_PATH}/CollectionViewGridLayout.framework",
				"${TARGET_BUILD_DIR}/${FRAMEWORKS_FOLDER_PATH}/Realm.framework",
				"${TARGET_BUILD_DIR}/${FRAMEWORKS_FOLDER_PATH}/RealmSwift.framework",
			);
			runOnlyForDeploymentPostprocessing = 0;
			shellPath = /bin/sh;
			shellScript = "\"${SRCROOT}/Pods/Target Support Files/Pods-DrumTrainer/Pods-DrumTrainer-frameworks.sh\"\n";
			showEnvVarsInLog = 0;
		};
		A782C4D7024C419832B932D8 /* [CP] Check Pods Manifest.lock */ = {
			isa = PBXShellScriptBuildPhase;
			buildActionMask = 2147483647;
			files = (
			);
			inputPaths = (
				"${PODS_PODFILE_DIR_PATH}/Podfile.lock",
				"${PODS_ROOT}/Manifest.lock",
			);
			name = "[CP] Check Pods Manifest.lock";
			outputPaths = (
				"$(DERIVED_FILE_DIR)/Pods-DrumTrainer-checkManifestLockResult.txt",
			);
			runOnlyForDeploymentPostprocessing = 0;
			shellPath = /bin/sh;
			shellScript = "diff \"${PODS_PODFILE_DIR_PATH}/Podfile.lock\" \"${PODS_ROOT}/Manifest.lock\" > /dev/null\nif [ $? != 0 ] ; then\n    # print error to STDERR\n    echo \"error: The sandbox is not in sync with the Podfile.lock. Run 'pod install' or update your CocoaPods installation.\" >&2\n    exit 1\nfi\n# This output is used by Xcode 'outputs' to avoid re-running this script phase.\necho \"SUCCESS\" > \"${SCRIPT_OUTPUT_FILE_0}\"\n";
			showEnvVarsInLog = 0;
		};
		E34D62062114B2B100147A32 /* ShellScript */ = {
			isa = PBXShellScriptBuildPhase;
			buildActionMask = 2147483647;
			files = (
			);
			inputPaths = (
			);
			outputPaths = (
			);
			runOnlyForDeploymentPostprocessing = 0;
			shellPath = /bin/sh;
			shellScript = "\"${PODS_ROOT}/SwiftLint/swiftlint\"";
		};
/* End PBXShellScriptBuildPhase section */

/* Begin PBXSourcesBuildPhase section */
		E3AA5DF120E194DC0095856A /* Sources */ = {
			isa = PBXSourcesBuildPhase;
			buildActionMask = 2147483647;
			files = (
				E319CC482141A41300E1FF52 /* ExampleBeat.swift in Sources */,
				E3CD7804213F3C8D00014681 /* ExampleLibrary.swift in Sources */,
				E319CC4C2141CDB300E1FF52 /* BeatNotesLoader.swift in Sources */,
				E351E6C2213AA6B500B4CF53 /* DrumSampler.swift in Sources */,
				E325AE7520FE7D7E002D5F35 /* UIView+Border.swift in Sources */,
				E3307969211CF76600CCD037 /* ExampleBeatNotes.swift in Sources */,
				E351E6BE213AA42600B4CF53 /* Sampler.swift in Sources */,
				E3622C9E212874390053F190 /* AudioPlayer.swift in Sources */,
				E3FD46BE21440E6F006CC917 /* BeatEditViewController.swift in Sources */,
				E393E7AF213997E100D10CAE /* SampleLibrary.swift in Sources */,
				E3FD46B7214409CD006CC917 /* PathCollectionViewCell.swift in Sources */,
				E3FD46BB21440A3F006CC917 /* CollectionReusableView.swift in Sources */,
				E3BCDDF8213C224E00063B5D /* SamplerFactory.swift in Sources */,
				E3BA034C214061ED00DB3023 /* DrumpadEighthNotes.swift in Sources */,
				E3E8DB6421430ECE00FA3A13 /* SimpleBrokenBeatExampleBeat.swift in Sources */,
				E36F010F2109145900ACEB59 /* GlobalClock.swift in Sources */,
				E3AA5DFB20E194DD0095856A /* MainViewController.swift in Sources */,
				E3BCDDFA213C22A000063B5D /* SampleType.swift in Sources */,
				E3BA0350214068CE00DB3023 /* OneBeatEighthNotes.swift in Sources */,
				E35FF85120F9DC3800B10658 /* UIView+Blink.swift in Sources */,
				E36D628A214C38CC00E33221 /* EmptyExampleBeat.swift in Sources */,
				E393E7B2213998B600D10CAE /* Sample.swift in Sources */,
				E38356FB2145C0280001582F /* BeatNotesSaver.swift in Sources */,
				E3FE3BFD2130A11100F0FEAB /* SampleLoader.swift in Sources */,
				E32B4A1F213DB75D009F3089 /* IBDesignable.swift in Sources */,
				E38A338B210492C100309084 /* ExamplePlayer.swift in Sources */,
				E37D20F720FE573600796084 /* UIColor+HexColor.swift in Sources */,
				E383EF15210E59C0004879D9 /* Synchronizable.swift in Sources */,
				E35FC4762148601D0092018F /* SelectBeatTableViewController.swift in Sources */,
				E35FF84F20F9DB4C00B10658 /* UIView+@IBInspectable.swift in Sources */,
				E394A4B520F3D146002F2183 /* Metronome.swift in Sources */,
				E351E6C0213AA69F00B4CF53 /* MetronomeSampler.swift in Sources */,
				E3AA5DF920E194DD0095856A /* AppDelegate.swift in Sources */,
				E319CC4A2141A49C00E1FF52 /* SimpleHouseExampleBeat.swift in Sources */,
			);
			runOnlyForDeploymentPostprocessing = 0;
		};
/* End PBXSourcesBuildPhase section */

/* Begin PBXVariantGroup section */
		E3AA5DFC20E194DD0095856A /* Main.storyboard */ = {
			isa = PBXVariantGroup;
			children = (
				E3AA5DFD20E194DD0095856A /* Base */,
			);
			name = Main.storyboard;
			sourceTree = "<group>";
		};
		E3AA5E0120E194DE0095856A /* LaunchScreen.storyboard */ = {
			isa = PBXVariantGroup;
			children = (
				E3AA5E0220E194DE0095856A /* Base */,
			);
			name = LaunchScreen.storyboard;
			sourceTree = "<group>";
		};
/* End PBXVariantGroup section */

/* Begin XCBuildConfiguration section */
		E3AA5E0520E194DE0095856A /* Debug */ = {
			isa = XCBuildConfiguration;
			buildSettings = {
				ALWAYS_SEARCH_USER_PATHS = NO;
				CLANG_ANALYZER_NONNULL = YES;
				CLANG_ANALYZER_NUMBER_OBJECT_CONVERSION = YES_AGGRESSIVE;
				CLANG_CXX_LANGUAGE_STANDARD = "gnu++14";
				CLANG_CXX_LIBRARY = "libc++";
				CLANG_ENABLE_MODULES = YES;
				CLANG_ENABLE_OBJC_ARC = YES;
				CLANG_ENABLE_OBJC_WEAK = YES;
				CLANG_WARN_BLOCK_CAPTURE_AUTORELEASING = YES;
				CLANG_WARN_BOOL_CONVERSION = YES;
				CLANG_WARN_COMMA = YES;
				CLANG_WARN_CONSTANT_CONVERSION = YES;
				CLANG_WARN_DEPRECATED_OBJC_IMPLEMENTATIONS = YES;
				CLANG_WARN_DIRECT_OBJC_ISA_USAGE = YES_ERROR;
				CLANG_WARN_DOCUMENTATION_COMMENTS = YES;
				CLANG_WARN_EMPTY_BODY = YES;
				CLANG_WARN_ENUM_CONVERSION = YES;
				CLANG_WARN_INFINITE_RECURSION = YES;
				CLANG_WARN_INT_CONVERSION = YES;
				CLANG_WARN_NON_LITERAL_NULL_CONVERSION = YES;
				CLANG_WARN_OBJC_IMPLICIT_RETAIN_SELF = YES;
				CLANG_WARN_OBJC_LITERAL_CONVERSION = YES;
				CLANG_WARN_OBJC_ROOT_CLASS = YES_ERROR;
				CLANG_WARN_RANGE_LOOP_ANALYSIS = YES;
				CLANG_WARN_STRICT_PROTOTYPES = YES;
				CLANG_WARN_SUSPICIOUS_MOVE = YES;
				CLANG_WARN_UNGUARDED_AVAILABILITY = YES_AGGRESSIVE;
				CLANG_WARN_UNREACHABLE_CODE = YES;
				CLANG_WARN__DUPLICATE_METHOD_MATCH = YES;
				CODE_SIGN_IDENTITY = "iPhone Developer";
				COPY_PHASE_STRIP = NO;
				DEBUG_INFORMATION_FORMAT = dwarf;
				ENABLE_STRICT_OBJC_MSGSEND = YES;
				ENABLE_TESTABILITY = YES;
				GCC_C_LANGUAGE_STANDARD = gnu11;
				GCC_DYNAMIC_NO_PIC = NO;
				GCC_NO_COMMON_BLOCKS = YES;
				GCC_OPTIMIZATION_LEVEL = 0;
				GCC_PREPROCESSOR_DEFINITIONS = (
					"DEBUG=1",
					"$(inherited)",
				);
				GCC_WARN_64_TO_32_BIT_CONVERSION = YES;
				GCC_WARN_ABOUT_RETURN_TYPE = YES_ERROR;
				GCC_WARN_UNDECLARED_SELECTOR = YES;
				GCC_WARN_UNINITIALIZED_AUTOS = YES_AGGRESSIVE;
				GCC_WARN_UNUSED_FUNCTION = YES;
				GCC_WARN_UNUSED_VARIABLE = YES;
				IPHONEOS_DEPLOYMENT_TARGET = 11.4;
				MTL_ENABLE_DEBUG_INFO = YES;
				ONLY_ACTIVE_ARCH = YES;
				SDKROOT = iphoneos;
				SWIFT_ACTIVE_COMPILATION_CONDITIONS = DEBUG;
				SWIFT_OPTIMIZATION_LEVEL = "-Onone";
			};
			name = Debug;
		};
		E3AA5E0620E194DE0095856A /* Release */ = {
			isa = XCBuildConfiguration;
			buildSettings = {
				ALWAYS_SEARCH_USER_PATHS = NO;
				CLANG_ANALYZER_NONNULL = YES;
				CLANG_ANALYZER_NUMBER_OBJECT_CONVERSION = YES_AGGRESSIVE;
				CLANG_CXX_LANGUAGE_STANDARD = "gnu++14";
				CLANG_CXX_LIBRARY = "libc++";
				CLANG_ENABLE_MODULES = YES;
				CLANG_ENABLE_OBJC_ARC = YES;
				CLANG_ENABLE_OBJC_WEAK = YES;
				CLANG_WARN_BLOCK_CAPTURE_AUTORELEASING = YES;
				CLANG_WARN_BOOL_CONVERSION = YES;
				CLANG_WARN_COMMA = YES;
				CLANG_WARN_CONSTANT_CONVERSION = YES;
				CLANG_WARN_DEPRECATED_OBJC_IMPLEMENTATIONS = YES;
				CLANG_WARN_DIRECT_OBJC_ISA_USAGE = YES_ERROR;
				CLANG_WARN_DOCUMENTATION_COMMENTS = YES;
				CLANG_WARN_EMPTY_BODY = YES;
				CLANG_WARN_ENUM_CONVERSION = YES;
				CLANG_WARN_INFINITE_RECURSION = YES;
				CLANG_WARN_INT_CONVERSION = YES;
				CLANG_WARN_NON_LITERAL_NULL_CONVERSION = YES;
				CLANG_WARN_OBJC_IMPLICIT_RETAIN_SELF = YES;
				CLANG_WARN_OBJC_LITERAL_CONVERSION = YES;
				CLANG_WARN_OBJC_ROOT_CLASS = YES_ERROR;
				CLANG_WARN_RANGE_LOOP_ANALYSIS = YES;
				CLANG_WARN_STRICT_PROTOTYPES = YES;
				CLANG_WARN_SUSPICIOUS_MOVE = YES;
				CLANG_WARN_UNGUARDED_AVAILABILITY = YES_AGGRESSIVE;
				CLANG_WARN_UNREACHABLE_CODE = YES;
				CLANG_WARN__DUPLICATE_METHOD_MATCH = YES;
				CODE_SIGN_IDENTITY = "iPhone Developer";
				COPY_PHASE_STRIP = NO;
				DEBUG_INFORMATION_FORMAT = "dwarf-with-dsym";
				ENABLE_NS_ASSERTIONS = NO;
				ENABLE_STRICT_OBJC_MSGSEND = YES;
				GCC_C_LANGUAGE_STANDARD = gnu11;
				GCC_NO_COMMON_BLOCKS = YES;
				GCC_WARN_64_TO_32_BIT_CONVERSION = YES;
				GCC_WARN_ABOUT_RETURN_TYPE = YES_ERROR;
				GCC_WARN_UNDECLARED_SELECTOR = YES;
				GCC_WARN_UNINITIALIZED_AUTOS = YES_AGGRESSIVE;
				GCC_WARN_UNUSED_FUNCTION = YES;
				GCC_WARN_UNUSED_VARIABLE = YES;
				IPHONEOS_DEPLOYMENT_TARGET = 11.4;
				MTL_ENABLE_DEBUG_INFO = NO;
				SDKROOT = iphoneos;
				SWIFT_COMPILATION_MODE = wholemodule;
				SWIFT_OPTIMIZATION_LEVEL = "-O";
				VALIDATE_PRODUCT = YES;
			};
			name = Release;
		};
		E3AA5E0820E194DE0095856A /* Debug */ = {
			isa = XCBuildConfiguration;
			baseConfigurationReference = C4E6A2B472CB791D02837E95 /* Pods-DrumTrainer.debug.xcconfig */;
			buildSettings = {
				ASSETCATALOG_COMPILER_APPICON_NAME = AppIcon;
				CODE_SIGN_STYLE = Automatic;
				DEVELOPMENT_TEAM = 68DB4QGQ33;
				INFOPLIST_FILE = "$(SRCROOT)/DrumTrainer/Support Files/Info.plist";
				LD_RUNPATH_SEARCH_PATHS = (
					"$(inherited)",
					"@executable_path/Frameworks",
				);
				PRODUCT_BUNDLE_IDENTIFIER = com.nvt.DrumTrainer;
				PRODUCT_NAME = "$(TARGET_NAME)";
				SWIFT_VERSION = 4.0;
				TARGETED_DEVICE_FAMILY = "1,2";
			};
			name = Debug;
		};
		E3AA5E0920E194DE0095856A /* Release */ = {
			isa = XCBuildConfiguration;
			baseConfigurationReference = 8F097722D340F067E7E22152 /* Pods-DrumTrainer.release.xcconfig */;
			buildSettings = {
				ASSETCATALOG_COMPILER_APPICON_NAME = AppIcon;
				CODE_SIGN_STYLE = Automatic;
				DEVELOPMENT_TEAM = 68DB4QGQ33;
				INFOPLIST_FILE = "$(SRCROOT)/DrumTrainer/Support Files/Info.plist";
				LD_RUNPATH_SEARCH_PATHS = (
					"$(inherited)",
					"@executable_path/Frameworks",
				);
				PRODUCT_BUNDLE_IDENTIFIER = com.nvt.DrumTrainer;
				PRODUCT_NAME = "$(TARGET_NAME)";
				SWIFT_VERSION = 4.0;
				TARGETED_DEVICE_FAMILY = "1,2";
			};
			name = Release;
		};
/* End XCBuildConfiguration section */

/* Begin XCConfigurationList section */
		E3AA5DF020E194DC0095856A /* Build configuration list for PBXProject "DrumTrainer" */ = {
			isa = XCConfigurationList;
			buildConfigurations = (
				E3AA5E0520E194DE0095856A /* Debug */,
				E3AA5E0620E194DE0095856A /* Release */,
			);
			defaultConfigurationIsVisible = 0;
			defaultConfigurationName = Release;
		};
		E3AA5E0720E194DE0095856A /* Build configuration list for PBXNativeTarget "DrumTrainer" */ = {
			isa = XCConfigurationList;
			buildConfigurations = (
				E3AA5E0820E194DE0095856A /* Debug */,
				E3AA5E0920E194DE0095856A /* Release */,
			);
			defaultConfigurationIsVisible = 0;
			defaultConfigurationName = Release;
		};
/* End XCConfigurationList section */
	};
	rootObject = E3AA5DED20E194DC0095856A /* Project object */;
}
